
Microsoft Visual Studio Solution File, Format Version 12.00
# Visual Studio 15
VisualStudioVersion = 15.0.28010.2019
MinimumVisualStudioVersion = 10.0.40219.1
Project("{8BC9CEB8-8B4A-11D0-8D11-00A0C91BC942}") = "CMPE126Lab8", "CMPE126Lab8\CMPE126Lab8.vcxproj", "{215011CE-8B73-4E58-AC8A-9F8F6F96F330}"
EndProject
Global
	GlobalSection(SolutionConfigurationPlatforms) = preSolution
		Debug|x64 = Debug|x64
		Debug|x86 = Debug|x86
		Release|x64 = Release|x64
		Release|x86 = Release|x86
	EndGlobalSection
	GlobalSection(ProjectConfigurationPlatforms) = postSolution
		{215011CE-8B73-4E58-AC8A-9F8F6F96F330}.Debug|x64.ActiveCfg = Debug|x64
		{215011CE-8B73-4E58-AC8A-9F8F6F96F330}.Debug|x64.Build.0 = Debug|x64
		{215011CE-8B73-4E58-AC8A-9F8F6F96F330}.Debug|x86.ActiveCfg = Debug|Win32
		{215011CE-8B73-4E58-AC8A-9F8F6F96F330}.Debug|x86.Build.0 = Debug|Win32
		{215011CE-8B73-4E58-AC8A-9F8F6F96F330}.Release|x64.ActiveCfg = Release|x64
		{215011CE-8B73-4E58-AC8A-9F8F6F96F330}.Release|x64.Build.0 = Release|x64
		{215011CE-8B73-4E58-AC8A-9F8F6F96F330}.Release|x86.ActiveCfg = Release|Win32
		{215011CE-8B73-4E58-AC8A-9F8F6F96F330}.Release|x86.Build.0 = Release|Win32
	EndGlobalSection
	GlobalSection(SolutionProperties) = preSolution
		HideSolutionNode = FALSE
	EndGlobalSection
	GlobalSection(ExtensibilityGlobals) = postSolution
		SolutionGuid = {2B60DDF3-A08B-4025-B3F2-1690D0F703C3}
	EndGlobalSection
EndGlobal
